
Microsoft Visual Studio Solution File, Format Version 12.00
Project("{FAE04EC0-301F-11D3-BF4B-00C04F79EFBC}") = "FitnessNetworkApp1", "FitnessNetworkApp1.csproj", "{DE743567-0F12-44AC-847E-D6025817C63E}"
EndProject
Global
	GlobalSection(SolutionConfigurationPlatforms) = preSolution
		Debug|Any CPU = Debug|Any CPU
		Release|Any CPU = Release|Any CPU
	EndGlobalSection
	GlobalSection(ProjectConfigurationPlatforms) = postSolution
		{DE743567-0F12-44AC-847E-D6025817C63E}.Debug|Any CPU.ActiveCfg = Debug|Any CPU
		{DE743567-0F12-44AC-847E-D6025817C63E}.Debug|Any CPU.Build.0 = Debug|Any CPU
		{DE743567-0F12-44AC-847E-D6025817C63E}.Release|Any CPU.ActiveCfg = Release|Any CPU
		{DE743567-0F12-44AC-847E-D6025817C63E}.Release|Any CPU.Build.0 = Release|Any CPU
	EndGlobalSection
EndGlobal
